// !$*UTF8*$!
{
	archiveVersion = 1;
	classes = {
	};
	objectVersion = 46;
	objects = {

/* Begin PBXBuildFile section */
		86FA1AD21BF63268007D4766 /* main.m in Sources */ = {isa = PBXBuildFile; fileRef = 86FA1AD11BF63268007D4766 /* main.m */; };
		86FA1AD51BF63268007D4766 /* AppDelegate.m in Sources */ = {isa = PBXBuildFile; fileRef = 86FA1AD41BF63268007D4766 /* AppDelegate.m */; };
		86FA1AD81BF63268007D4766 /* ViewController.m in Sources */ = {isa = PBXBuildFile; fileRef = 86FA1AD71BF63268007D4766 /* ViewController.m */; };
		86FA1ADB1BF63268007D4766 /* Main.storyboard in Resources */ = {isa = PBXBuildFile; fileRef = 86FA1AD91BF63268007D4766 /* Main.storyboard */; };
		86FA1ADD1BF63268007D4766 /* Images.xcassets in Resources */ = {isa = PBXBuildFile; fileRef = 86FA1ADC1BF63268007D4766 /* Images.xcassets */; };
		86FA1AE01BF63268007D4766 /* LaunchScreen.xib in Resources */ = {isa = PBXBuildFile; fileRef = 86FA1ADE1BF63268007D4766 /* LaunchScreen.xib */; };
		86FA1AEC1BF63268007D4766 /* asdfTests.m in Sources */ = {isa = PBXBuildFile; fileRef = 86FA1AEB1BF63268007D4766 /* asdfTests.m */; };
		FC34C14A557C2FCD4B4016E9 /* libPods-asdf.a in Frameworks */ = {isa = PBXBuildFile; fileRef = 7C5599E393D9AF83E0D7B054 /* libPods-asdf.a */; };
/* End PBXBuildFile section */

/* Begin PBXContainerItemProxy section */
		86A575A71BF634AD006C0196 /* PBXContainerItemProxy */ = {
			isa = PBXContainerItemProxy;
			containerPortal = 86A575A11BF634AD006C0196 /* Pods.xcodeproj */;
			proxyType = 2;
			remoteGlobalIDString = 6AE6A931B4DAD224C328F1FC42D2AF1D;
			remoteInfo = Analytics;
		};
		86A575A91BF634AD006C0196 /* PBXContainerItemProxy */ = {
			isa = PBXContainerItemProxy;
			containerPortal = 86A575A11BF634AD006C0196 /* Pods.xcodeproj */;
			proxyType = 2;
			remoteGlobalIDString = EA0BB2E070EA503DE9606681B5629986;
			remoteInfo = "Pods-asdf";
		};
		86A575AB1BF634AD006C0196 /* PBXContainerItemProxy */ = {
			isa = PBXContainerItemProxy;
			containerPortal = 86A575A11BF634AD006C0196 /* Pods.xcodeproj */;
			proxyType = 2;
			remoteGlobalIDString = 504CB24D3635CB514083F4514C9E5412;
			remoteInfo = TRVSDictionaryWithCaseInsensitivity;
		};
		86FA1AE61BF63268007D4766 /* PBXContainerItemProxy */ = {
			isa = PBXContainerItemProxy;
			containerPortal = 86FA1AC41BF63268007D4766 /* Project object */;
			proxyType = 1;
			remoteGlobalIDString = 86FA1ACB1BF63268007D4766;
			remoteInfo = asdf;
		};
/* End PBXContainerItemProxy section */

/* Begin PBXFileReference section */
		662A060E5D86D59685741877 /* Pods-asdf.release.xcconfig */ = {isa = PBXFileReference; includeInIndex = 1; lastKnownFileType = text.xcconfig; name = "Pods-asdf.release.xcconfig"; path = "Pods/Target Support Files/Pods-asdf/Pods-asdf.release.xcconfig"; sourceTree = "<group>"; };
		7C5599E393D9AF83E0D7B054 /* libPods-asdf.a */ = {isa = PBXFileReference; explicitFileType = archive.ar; includeInIndex = 0; path = "libPods-asdf.a"; sourceTree = BUILT_PRODUCTS_DIR; };
		86A575A11BF634AD006C0196 /* Pods.xcodeproj */ = {isa = PBXFileReference; lastKnownFileType = "wrapper.pb-project"; name = Pods.xcodeproj; path = Pods/Pods.xcodeproj; sourceTree = "<group>"; };
		86FA1ACC1BF63268007D4766 /* asdf.app */ = {isa = PBXFileReference; explicitFileType = wrapper.application; includeInIndex = 0; path = asdf.app; sourceTree = BUILT_PRODUCTS_DIR; };
		86FA1AD01BF63268007D4766 /* Info.plist */ = {isa = PBXFileReference; lastKnownFileType = text.plist.xml; path = Info.plist; sourceTree = "<group>"; };
		86FA1AD11BF63268007D4766 /* main.m */ = {isa = PBXFileReference; lastKnownFileType = sourcecode.c.objc; path = main.m; sourceTree = "<group>"; };
		86FA1AD31BF63268007D4766 /* AppDelegate.h */ = {isa = PBXFileReference; lastKnownFileType = sourcecode.c.h; path = AppDelegate.h; sourceTree = "<group>"; };
		86FA1AD41BF63268007D4766 /* AppDelegate.m */ = {isa = PBXFileReference; lastKnownFileType = sourcecode.c.objc; path = AppDelegate.m; sourceTree = "<group>"; };
		86FA1AD61BF63268007D4766 /* ViewController.h */ = {isa = PBXFileReference; lastKnownFileType = sourcecode.c.h; path = ViewController.h; sourceTree = "<group>"; };
		86FA1AD71BF63268007D4766 /* ViewController.m */ = {isa = PBXFileReference; lastKnownFileType = sourcecode.c.objc; path = ViewController.m; sourceTree = "<group>"; };
		86FA1ADA1BF63268007D4766 /* Base */ = {isa = PBXFileReference; lastKnownFileType = file.storyboard; name = Base; path = Base.lproj/Main.storyboard; sourceTree = "<group>"; };
		86FA1ADC1BF63268007D4766 /* Images.xcassets */ = {isa = PBXFileReference; lastKnownFileType = folder.assetcatalog; path = Images.xcassets; sourceTree = "<group>"; };
		86FA1ADF1BF63268007D4766 /* Base */ = {isa = PBXFileReference; lastKnownFileType = file.xib; name = Base; path = Base.lproj/LaunchScreen.xib; sourceTree = "<group>"; };
		86FA1AE51BF63268007D4766 /* asdfTests.xctest */ = {isa = PBXFileReference; explicitFileType = wrapper.cfbundle; includeInIndex = 0; path = asdfTests.xctest; sourceTree = BUILT_PRODUCTS_DIR; };
		86FA1AEA1BF63268007D4766 /* Info.plist */ = {isa = PBXFileReference; lastKnownFileType = text.plist.xml; path = Info.plist; sourceTree = "<group>"; };
		86FA1AEB1BF63268007D4766 /* asdfTests.m */ = {isa = PBXFileReference; lastKnownFileType = sourcecode.c.objc; path = asdfTests.m; sourceTree = "<group>"; };
		DA4CAB7A9439F3E2C31E2533 /* Pods-asdf.debug.xcconfig */ = {isa = PBXFileReference; includeInIndex = 1; lastKnownFileType = text.xcconfig; name = "Pods-asdf.debug.xcconfig"; path = "Pods/Target Support Files/Pods-asdf/Pods-asdf.debug.xcconfig"; sourceTree = "<group>"; };
/* End PBXFileReference section */

/* Begin PBXFrameworksBuildPhase section */
		86FA1AC91BF63268007D4766 /* Frameworks */ = {
			isa = PBXFrameworksBuildPhase;
			buildActionMask = 2147483647;
			files = (
				FC34C14A557C2FCD4B4016E9 /* libPods-asdf.a in Frameworks */,
			);
			runOnlyForDeploymentPostprocessing = 0;
		};
		86FA1AE21BF63268007D4766 /* Frameworks */ = {
			isa = PBXFrameworksBuildPhase;
			buildActionMask = 2147483647;
			files = (
			);
			runOnlyForDeploymentPostprocessing = 0;
		};
/* End PBXFrameworksBuildPhase section */

/* Begin PBXGroup section */
		0998D12B284972D82A92DFA8 /* Frameworks */ = {
			isa = PBXGroup;
			children = (
				86A575A11BF634AD006C0196 /* Pods.xcodeproj */,
				7C5599E393D9AF83E0D7B054 /* libPods-asdf.a */,
			);
			name = Frameworks;
			sourceTree = "<group>";
		};
		86A575A21BF634AD006C0196 /* Products */ = {
			isa = PBXGroup;
			children = (
				86A575A81BF634AD006C0196 /* libAnalytics.a */,
				86A575AA1BF634AD006C0196 /* libPods-asdf.a */,
				86A575AC1BF634AD006C0196 /* libTRVSDictionaryWithCaseInsensitivity.a */,
			);
			name = Products;
			sourceTree = "<group>";
		};
		86FA1AC31BF63268007D4766 = {
			isa = PBXGroup;
			children = (
				86FA1ACE1BF63268007D4766 /* asdf */,
				86FA1AE81BF63268007D4766 /* asdfTests */,
				86FA1ACD1BF63268007D4766 /* Products */,
				B26CF01A80C721EA2EB90AB6 /* Pods */,
				0998D12B284972D82A92DFA8 /* Frameworks */,
			);
			sourceTree = "<group>";
		};
		86FA1ACD1BF63268007D4766 /* Products */ = {
			isa = PBXGroup;
			children = (
				86FA1ACC1BF63268007D4766 /* asdf.app */,
				86FA1AE51BF63268007D4766 /* asdfTests.xctest */,
			);
			name = Products;
			sourceTree = "<group>";
		};
		86FA1ACE1BF63268007D4766 /* asdf */ = {
			isa = PBXGroup;
			children = (
				86FA1AD31BF63268007D4766 /* AppDelegate.h */,
				86FA1AD41BF63268007D4766 /* AppDelegate.m */,
				86FA1AD61BF63268007D4766 /* ViewController.h */,
				86FA1AD71BF63268007D4766 /* ViewController.m */,
				86FA1AD91BF63268007D4766 /* Main.storyboard */,
				86FA1ADC1BF63268007D4766 /* Images.xcassets */,
				86FA1ADE1BF63268007D4766 /* LaunchScreen.xib */,
				86FA1ACF1BF63268007D4766 /* Supporting Files */,
			);
			path = asdf;
			sourceTree = "<group>";
		};
		86FA1ACF1BF63268007D4766 /* Supporting Files */ = {
			isa = PBXGroup;
			children = (
				86FA1AD01BF63268007D4766 /* Info.plist */,
				86FA1AD11BF63268007D4766 /* main.m */,
			);
			name = "Supporting Files";
			sourceTree = "<group>";
		};
		86FA1AE81BF63268007D4766 /* asdfTests */ = {
			isa = PBXGroup;
			children = (
				86FA1AEB1BF63268007D4766 /* asdfTests.m */,
				86FA1AE91BF63268007D4766 /* Supporting Files */,
			);
			path = asdfTests;
			sourceTree = "<group>";
		};
		86FA1AE91BF63268007D4766 /* Supporting Files */ = {
			isa = PBXGroup;
			children = (
				86FA1AEA1BF63268007D4766 /* Info.plist */,
			);
			name = "Supporting Files";
			sourceTree = "<group>";
		};
		B26CF01A80C721EA2EB90AB6 /* Pods */ = {
			isa = PBXGroup;
			children = (
				DA4CAB7A9439F3E2C31E2533 /* Pods-asdf.debug.xcconfig */,
				662A060E5D86D59685741877 /* Pods-asdf.release.xcconfig */,
			);
			name = Pods;
			sourceTree = "<group>";
		};
/* End PBXGroup section */

/* Begin PBXNativeTarget section */
		86FA1ACB1BF63268007D4766 /* asdf */ = {
			isa = PBXNativeTarget;
			buildConfigurationList = 86FA1AEF1BF63268007D4766 /* Build configuration list for PBXNativeTarget "asdf" */;
			buildPhases = (
				EA4BDD1ECEDD342344365B72 /* Check Pods Manifest.lock */,
				86FA1AC81BF63268007D4766 /* Sources */,
				86FA1AC91BF63268007D4766 /* Frameworks */,
				86FA1ACA1BF63268007D4766 /* Resources */,
				C0BCC925C74E34E16780725C /* Embed Pods Frameworks */,
				FE0530C7F815E9470BB08F67 /* Copy Pods Resources */,
			);
			buildRules = (
			);
			dependencies = (
			);
			name = asdf;
			productName = asdf;
			productReference = 86FA1ACC1BF63268007D4766 /* asdf.app */;
			productType = "com.apple.product-type.application";
		};
		86FA1AE41BF63268007D4766 /* asdfTests */ = {
			isa = PBXNativeTarget;
			buildConfigurationList = 86FA1AF21BF63268007D4766 /* Build configuration list for PBXNativeTarget "asdfTests" */;
			buildPhases = (
				86FA1AE11BF63268007D4766 /* Sources */,
				86FA1AE21BF63268007D4766 /* Frameworks */,
				86FA1AE31BF63268007D4766 /* Resources */,
			);
			buildRules = (
			);
			dependencies = (
				86FA1AE71BF63268007D4766 /* PBXTargetDependency */,
			);
			name = asdfTests;
			productName = asdfTests;
			productReference = 86FA1AE51BF63268007D4766 /* asdfTests.xctest */;
			productType = "com.apple.product-type.bundle.unit-test";
		};
/* End PBXNativeTarget section */

/* Begin PBXProject section */
		86FA1AC41BF63268007D4766 /* Project object */ = {
			isa = PBXProject;
			attributes = {
				LastUpgradeCheck = 0640;
				ORGANIZATIONNAME = "Pejko Salik";
				TargetAttributes = {
					86FA1ACB1BF63268007D4766 = {
						CreatedOnToolsVersion = 6.4;
					};
					86FA1AE41BF63268007D4766 = {
						CreatedOnToolsVersion = 6.4;
						TestTargetID = 86FA1ACB1BF63268007D4766;
					};
				};
			};
			buildConfigurationList = 86FA1AC71BF63268007D4766 /* Build configuration list for PBXProject "asdf" */;
			compatibilityVersion = "Xcode 3.2";
			developmentRegion = English;
			hasScannedForEncodings = 0;
			knownRegions = (
				en,
				Base,
			);
			mainGroup = 86FA1AC31BF63268007D4766;
			productRefGroup = 86FA1ACD1BF63268007D4766 /* Products */;
			projectDirPath = "";
			projectReferences = (
				{
					ProductGroup = 86A575A21BF634AD006C0196 /* Products */;
					ProjectRef = 86A575A11BF634AD006C0196 /* Pods.xcodeproj */;
				},
			);
			projectRoot = "";
			targets = (
				86FA1ACB1BF63268007D4766 /* asdf */,
				86FA1AE41BF63268007D4766 /* asdfTests */,
			);
		};
/* End PBXProject section */

/* Begin PBXReferenceProxy section */
		86A575A81BF634AD006C0196 /* libAnalytics.a */ = {
			isa = PBXReferenceProxy;
			fileType = archive.ar;
			path = libAnalytics.a;
			remoteRef = 86A575A71BF634AD006C0196 /* PBXContainerItemProxy */;
			sourceTree = BUILT_PRODUCTS_DIR;
		};
		86A575AA1BF634AD006C0196 /* libPods-asdf.a */ = {
			isa = PBXReferenceProxy;
			fileType = archive.ar;
			path = "libPods-asdf.a";
			remoteRef = 86A575A91BF634AD006C0196 /* PBXContainerItemProxy */;
			sourceTree = BUILT_PRODUCTS_DIR;
		};
		86A575AC1BF634AD006C0196 /* libTRVSDictionaryWithCaseInsensitivity.a */ = {
			isa = PBXReferenceProxy;
			fileType = archive.ar;
			path = libTRVSDictionaryWithCaseInsensitivity.a;
			remoteRef = 86A575AB1BF634AD006C0196 /* PBXContainerItemProxy */;
			sourceTree = BUILT_PRODUCTS_DIR;
		};
/* End PBXReferenceProxy section */

/* Begin PBXResourcesBuildPhase section */
		86FA1ACA1BF63268007D4766 /* Resources */ = {
			isa = PBXResourcesBuildPhase;
			buildActionMask = 2147483647;
			files = (
				86FA1ADB1BF63268007D4766 /* Main.storyboard in Resources */,
				86FA1AE01BF63268007D4766 /* LaunchScreen.xib in Resources */,
				86FA1ADD1BF63268007D4766 /* Images.xcassets in Resources */,
			);
			runOnlyForDeploymentPostprocessing = 0;
		};
		86FA1AE31BF63268007D4766 /* Resources */ = {
			isa = PBXResourcesBuildPhase;
			buildActionMask = 2147483647;
			files = (
			);
			runOnlyForDeploymentPostprocessing = 0;
		};
/* End PBXResourcesBuildPhase section */

/* Begin PBXShellScriptBuildPhase section */
		C0BCC925C74E34E16780725C /* Embed Pods Frameworks */ = {
			isa = PBXShellScriptBuildPhase;
			buildActionMask = 2147483647;
			files = (
			);
			inputPaths = (
			);
			name = "Embed Pods Frameworks";
			outputPaths = (
			);
			runOnlyForDeploymentPostprocessing = 0;
			shellPath = /bin/sh;
			shellScript = "\"${SRCROOT}/Pods/Target Support Files/Pods-asdf/Pods-asdf-frameworks.sh\"\n";
			showEnvVarsInLog = 0;
		};
		EA4BDD1ECEDD342344365B72 /* Check Pods Manifest.lock */ = {
			isa = PBXShellScriptBuildPhase;
			buildActionMask = 2147483647;
			files = (
			);
			inputPaths = (
			);
			name = "Check Pods Manifest.lock";
			outputPaths = (
			);
			runOnlyForDeploymentPostprocessing = 0;
			shellPath = /bin/sh;
			shellScript = "diff \"${PODS_ROOT}/../Podfile.lock\" \"${PODS_ROOT}/Manifest.lock\" > /dev/null\nif [[ $? != 0 ]] ; then\n    cat << EOM\nerror: The sandbox is not in sync with the Podfile.lock. Run 'pod install' or update your CocoaPods installation.\nEOM\n    exit 1\nfi\n";
			showEnvVarsInLog = 0;
		};
		FE0530C7F815E9470BB08F67 /* Copy Pods Resources */ = {
			isa = PBXShellScriptBuildPhase;
			buildActionMask = 2147483647;
			files = (
			);
			inputPaths = (
			);
			name = "Copy Pods Resources";
			outputPaths = (
			);
			runOnlyForDeploymentPostprocessing = 0;
			shellPath = /bin/sh;
			shellScript = "\"${SRCROOT}/Pods/Target Support Files/Pods-asdf/Pods-asdf-resources.sh\"\n";
			showEnvVarsInLog = 0;
		};
/* End PBXShellScriptBuildPhase section */

/* Begin PBXSourcesBuildPhase section */
		86FA1AC81BF63268007D4766 /* Sources */ = {
			isa = PBXSourcesBuildPhase;
			buildActionMask = 2147483647;
			files = (
				86FA1AD81BF63268007D4766 /* ViewController.m in Sources */,
				86FA1AD51BF63268007D4766 /* AppDelegate.m in Sources */,
				86FA1AD21BF63268007D4766 /* main.m in Sources */,
			);
			runOnlyForDeploymentPostprocessing = 0;
		};
		86FA1AE11BF63268007D4766 /* Sources */ = {
			isa = PBXSourcesBuildPhase;
			buildActionMask = 2147483647;
			files = (
				86FA1AEC1BF63268007D4766 /* asdfTests.m in Sources */,
			);
			runOnlyForDeploymentPostprocessing = 0;
		};
/* End PBXSourcesBuildPhase section */

/* Begin PBXTargetDependency section */
		86FA1AE71BF63268007D4766 /* PBXTargetDependency */ = {
			isa = PBXTargetDependency;
			target = 86FA1ACB1BF63268007D4766 /* asdf */;
			targetProxy = 86FA1AE61BF63268007D4766 /* PBXContainerItemProxy */;
		};
/* End PBXTargetDependency section */

/* Begin PBXVariantGroup section */
		86FA1AD91BF63268007D4766 /* Main.storyboard */ = {
			isa = PBXVariantGroup;
			children = (
				86FA1ADA1BF63268007D4766 /* Base */,
			);
			name = Main.storyboard;
			sourceTree = "<group>";
		};
		86FA1ADE1BF63268007D4766 /* LaunchScreen.xib */ = {
			isa = PBXVariantGroup;
			children = (
				86FA1ADF1BF63268007D4766 /* Base */,
			);
			name = LaunchScreen.xib;
			sourceTree = "<group>";
		};
/* End PBXVariantGroup section */

/* Begin XCBuildConfiguration section */
		86FA1AED1BF63268007D4766 /* Debug */ = {
			isa = XCBuildConfiguration;
			buildSettings = {
				ALWAYS_SEARCH_USER_PATHS = NO;
				CLANG_CXX_LANGUAGE_STANDARD = "gnu++0x";
				CLANG_CXX_LIBRARY = "libc++";
				CLANG_ENABLE_MODULES = YES;
				CLANG_ENABLE_OBJC_ARC = YES;
				CLANG_WARN_BOOL_CONVERSION = YES;
				CLANG_WARN_CONSTANT_CONVERSION = YES;
				CLANG_WARN_DIRECT_OBJC_ISA_USAGE = YES_ERROR;
				CLANG_WARN_EMPTY_BODY = YES;
				CLANG_WARN_ENUM_CONVERSION = YES;
				CLANG_WARN_INT_CONVERSION = YES;
				CLANG_WARN_OBJC_ROOT_CLASS = YES_ERROR;
				CLANG_WARN_UNREACHABLE_CODE = YES;
				CLANG_WARN__DUPLICATE_METHOD_MATCH = YES;
				"CODE_SIGN_IDENTITY[sdk=iphoneos*]" = "iPhone Developer";
				COPY_PHASE_STRIP = NO;
				DEBUG_INFORMATION_FORMAT = "dwarf-with-dsym";
				ENABLE_STRICT_OBJC_MSGSEND = YES;
				GCC_C_LANGUAGE_STANDARD = gnu99;
				GCC_DYNAMIC_NO_PIC = NO;
				GCC_NO_COMMON_BLOCKS = YES;
				GCC_OPTIMIZATION_LEVEL = 0;
				GCC_PREPROCESSOR_DEFINITIONS = (
					"DEBUG=1",
					"$(inherited)",
				);
				GCC_SYMBOLS_PRIVATE_EXTERN = NO;
				GCC_WARN_64_TO_32_BIT_CONVERSION = YES;
				GCC_WARN_ABOUT_RETURN_TYPE = YES_ERROR;
				GCC_WARN_UNDECLARED_SELECTOR = YES;
				GCC_WARN_UNINITIALIZED_AUTOS = YES_AGGRESSIVE;
				GCC_WARN_UNUSED_FUNCTION = YES;
				GCC_WARN_UNUSED_VARIABLE = YES;
				IPHONEOS_DEPLOYMENT_TARGET = 8.4;
				MTL_ENABLE_DEBUG_INFO = YES;
				ONLY_ACTIVE_ARCH = YES;
				SDKROOT = iphoneos;
				TARGETED_DEVICE_FAMILY = "1,2";
			};
			name = Debug;
		};
		86FA1AEE1BF63268007D4766 /* Release */ = {
			isa = XCBuildConfiguration;
			buildSettings = {
				ALWAYS_SEARCH_USER_PATHS = NO;
				CLANG_CXX_LANGUAGE_STANDARD = "gnu++0x";
				CLANG_CXX_LIBRARY = "libc++";
				CLANG_ENABLE_MODULES = YES;
				CLANG_ENABLE_OBJC_ARC = YES;
				CLANG_WARN_BOOL_CONVERSION = YES;
				CLANG_WARN_CONSTANT_CONVERSION = YES;
				CLANG_WARN_DIRECT_OBJC_ISA_USAGE = YES_ERROR;
				CLANG_WARN_EMPTY_BODY = YES;
				CLANG_WARN_ENUM_CONVERSION = YES;
				CLANG_WARN_INT_CONVERSION = YES;
				CLANG_WARN_OBJC_ROOT_CLASS = YES_ERROR;
				CLANG_WARN_UNREACHABLE_CODE = YES;
				CLANG_WARN__DUPLICATE_METHOD_MATCH = YES;
				"CODE_SIGN_IDENTITY[sdk=iphoneos*]" = "iPhone Developer";
				COPY_PHASE_STRIP = NO;
				DEBUG_INFORMATION_FORMAT = "dwarf-with-dsym";
				ENABLE_NS_ASSERTIONS = NO;
				ENABLE_STRICT_OBJC_MSGSEND = YES;
				GCC_C_LANGUAGE_STANDARD = gnu99;
				GCC_NO_COMMON_BLOCKS = YES;
				GCC_WARN_64_TO_32_BIT_CONVERSION = YES;
				GCC_WARN_ABOUT_RETURN_TYPE = YES_ERROR;
				GCC_WARN_UNDECLARED_SELECTOR = YES;
				GCC_WARN_UNINITIALIZED_AUTOS = YES_AGGRESSIVE;
				GCC_WARN_UNUSED_FUNCTION = YES;
				GCC_WARN_UNUSED_VARIABLE = YES;
				IPHONEOS_DEPLOYMENT_TARGET = 8.4;
				MTL_ENABLE_DEBUG_INFO = NO;
				SDKROOT = iphoneos;
				TARGETED_DEVICE_FAMILY = "1,2";
				VALIDATE_PRODUCT = YES;
			};
			name = Release;
		};
		86FA1AF01BF63268007D4766 /* Debug */ = {
			isa = XCBuildConfiguration;
			baseConfigurationReference = DA4CAB7A9439F3E2C31E2533 /* Pods-asdf.debug.xcconfig */;
			buildSettings = {
				ASSETCATALOG_COMPILER_APPICON_NAME = AppIcon;
				INFOPLIST_FILE = asdf/Info.plist;
				LD_RUNPATH_SEARCH_PATHS = "$(inherited) @executable_path/Frameworks";
				PRODUCT_NAME = "$(TARGET_NAME)";
			};
			name = Debug;
		};
		86FA1AF11BF63268007D4766 /* Release */ = {
			isa = XCBuildConfiguration;
			baseConfigurationReference = 662A060E5D86D59685741877 /* Pods-asdf.release.xcconfig */;
			buildSettings = {
				ASSETCATALOG_COMPILER_APPICON_NAME = AppIcon;
				INFOPLIST_FILE = asdf/Info.plist;
				LD_RUNPATH_SEARCH_PATHS = "$(inherited) @executable_path/Frameworks";
				PRODUCT_NAME = "$(TARGET_NAME)";
			};
			name = Release;
		};
		86FA1AF31BF63268007D4766 /* Debug */ = {
			isa = XCBuildConfiguration;
			buildSettings = {
				BUNDLE_LOADER = "$(TEST_HOST)";
				FRAMEWORK_SEARCH_PATHS = (
					"$(SDKROOT)/Developer/Library/Frameworks",
					"$(inherited)",
				);
				GCC_PREPROCESSOR_DEFINITIONS = (
					"DEBUG=1",
					"$(inherited)",
				);
				INFOPLIST_FILE = asdfTests/Info.plist;
				LD_RUNPATH_SEARCH_PATHS = "$(inherited) @executable_path/Frameworks @loader_path/Frameworks";
				PRODUCT_NAME = "$(TARGET_NAME)";
				TEST_HOST = "$(BUILT_PRODUCTS_DIR)/asdf.app/asdf";
			};
			name = Debug;
		};
		86FA1AF41BF63268007D4766 /* Release */ = {
			isa = XCBuildConfiguration;
			buildSettings = {
				BUNDLE_LOADER = "$(TEST_HOST)";
				FRAMEWORK_SEARCH_PATHS = (
					"$(SDKROOT)/Developer/Library/Frameworks",
					"$(inherited)",
				);
				INFOPLIST_FILE = asdfTests/Info.plist;
				LD_RUNPATH_SEARCH_PATHS = "$(inherited) @executable_path/Frameworks @loader_path/Frameworks";
				PRODUCT_NAME = "$(TARGET_NAME)";
				TEST_HOST = "$(BUILT_PRODUCTS_DIR)/asdf.app/asdf";
			};
			name = Release;
		};
/* End XCBuildConfiguration section */

/* Begin XCConfigurationList section */
		86FA1AC71BF63268007D4766 /* Build configuration list for PBXProject "asdf" */ = {
			isa = XCConfigurationList;
			buildConfigurations = (
				86FA1AED1BF63268007D4766 /* Debug */,
				86FA1AEE1BF63268007D4766 /* Release */,
			);
			defaultConfigurationIsVisible = 0;
			defaultConfigurationName = Release;
		};
		86FA1AEF1BF63268007D4766 /* Build configuration list for PBXNativeTarget "asdf" */ = {
			isa = XCConfigurationList;
			buildConfigurations = (
				86FA1AF01BF63268007D4766 /* Debug */,
				86FA1AF11BF63268007D4766 /* Release */,
			);
			defaultConfigurationIsVisible = 0;
			defaultConfigurationName = Release;
		};
		86FA1AF21BF63268007D4766 /* Build configuration list for PBXNativeTarget "asdfTests" */ = {
			isa = XCConfigurationList;
			buildConfigurations = (
				86FA1AF31BF63268007D4766 /* Debug */,
				86FA1AF41BF63268007D4766 /* Release */,
			);
			defaultConfigurationIsVisible = 0;
			defaultConfigurationName = Release;
		};
/* End XCConfigurationList section */
	};
	rootObject = 86FA1AC41BF63268007D4766 /* Project object */;
}
